{
  "name": "cfw-easy-utils",
  "version": "0.0.1",
  "lockfileVersion": 1,
  "requires": true,
  "dependencies": {
    "@neriko/cloudflare-workers-router": {
      "version": "0.1.1",
      "resolved": "https://registry.npmjs.org/@neriko/cloudflare-workers-router/-/cloudflare-workers-router-0.1.1.tgz",
      "integrity": "sha512-O9KvuiQ0wxpI9jFh88roMM6M/LSMFHKXzLhLBD1NQxe7JmhDj1VwoHujUEmkhrsP5NoOIReCPiz4wUMa+4vKTA=="
    }
  }
}
