{
  "name": "cfw-easy-utils",
  "version": "0.0.2",
  "lockfileVersion": 1,
  "requires": true,
  "dependencies": {
    "@neriko/cloudflare-workers-router": {
      "version": "0.1.1",
      "resolved": "https://registry.npmjs.org/@neriko/cloudflare-workers-router/-/cloudflare-workers-router-0.1.1.tgz",
      "integrity": "sha512-O9KvuiQ0wxpI9jFh88roMM6M/LSMFHKXzLhLBD1NQxe7JmhDj1VwoHujUEmkhrsP5NoOIReCPiz4wUMa+4vKTA==",
      "dev": true
    },
    "fsevents": {
      "version": "2.3.2",
      "resolved": "https://registry.npmjs.org/fsevents/-/fsevents-2.3.2.tgz",
      "integrity": "sha512-xiqMQR4xAeHTuB9uWm+fFRcIOgKBMiOBP+eXiyT7jsgVCq1bkVygt00oASowB7EdtpOHaaPgKt812P9ab+DDKA==",
      "optional": true
    },
    "rollup": {
      "version": "2.38.5",
      "resolved": "https://registry.npmjs.org/rollup/-/rollup-2.38.5.tgz",
      "integrity": "sha512-VoWt8DysFGDVRGWuHTqZzT02J0ASgjVq/hPs9QcBOGMd7B+jfTr/iqMVEyOi901rE3xq+Deq66GzIT1yt7sGwQ==",
      "requires": {
        "fsevents": "~2.3.1"
      }
    }
  }
}
